// !$*UTF8*$!
{
	archiveVersion = 1;
	classes = {
	};
	objectVersion = 46;
	objects = {

/* Begin PBXBuildFile section */
		96B0560C1E1BF8B000CB2ADF /* main.cpp in Sources */ = {isa = PBXBuildFile; fileRef = 96B0560B1E1BF8B000CB2ADF /* main.cpp */; };
		96B056221E1C09A500CB2ADF /* libopencv_calib3d.3.2.0.dylib in Frameworks */ = {isa = PBXBuildFile; fileRef = 96B056211E1C09A500CB2ADF /* libopencv_calib3d.3.2.0.dylib */; };
		96B056241E1C09C500CB2ADF /* libopencv_highgui.3.2.0.dylib in Frameworks */ = {isa = PBXBuildFile; fileRef = 96B056231E1C09C500CB2ADF /* libopencv_highgui.3.2.0.dylib */; };
		96B056261E1C09D200CB2ADF /* libopencv_imgproc.3.2.0.dylib in Frameworks */ = {isa = PBXBuildFile; fileRef = 96B056251E1C09D200CB2ADF /* libopencv_imgproc.3.2.0.dylib */; };
		96B056281E1C09DD00CB2ADF /* libopencv_video.3.2.0.dylib in Frameworks */ = {isa = PBXBuildFile; fileRef = 96B056271E1C09DD00CB2ADF /* libopencv_video.3.2.0.dylib */; };
		96B0562A1E1C09EB00CB2ADF /* libopencv_videoio.3.2.0.dylib in Frameworks */ = {isa = PBXBuildFile; fileRef = 96B056291E1C09EB00CB2ADF /* libopencv_videoio.3.2.0.dylib */; };
		96B0562C1E1C09F900CB2ADF /* libopencv_videostab.3.2.0.dylib in Frameworks */ = {isa = PBXBuildFile; fileRef = 96B0562B1E1C09F900CB2ADF /* libopencv_videostab.3.2.0.dylib */; };
		96B0562E1E1C0A5100CB2ADF /* libopencv_core.3.2.0.dylib in Frameworks */ = {isa = PBXBuildFile; fileRef = 96B0562D1E1C0A5100CB2ADF /* libopencv_core.3.2.0.dylib */; };
		96B056301E1C9DE700CB2ADF /* libopencv_photo.3.2.0.dylib in Frameworks */ = {isa = PBXBuildFile; fileRef = 96B0562F1E1C9DE700CB2ADF /* libopencv_photo.3.2.0.dylib */; };
		96B056321E1C9DF700CB2ADF /* libopencv_shape.3.2.0.dylib in Frameworks */ = {isa = PBXBuildFile; fileRef = 96B056311E1C9DF700CB2ADF /* libopencv_shape.3.2.0.dylib */; };
		96B056341E1C9E7A00CB2ADF /* libopencv_imgcodecs.3.2.0.dylib in Frameworks */ = {isa = PBXBuildFile; fileRef = 96B056331E1C9E7A00CB2ADF /* libopencv_imgcodecs.3.2.0.dylib */; };
/* End PBXBuildFile section */

/* Begin PBXCopyFilesBuildPhase section */
		96B056061E1BF8B000CB2ADF /* CopyFiles */ = {
			isa = PBXCopyFilesBuildPhase;
			buildActionMask = 2147483647;
			dstPath = /usr/share/man/man1/;
			dstSubfolderSpec = 0;
			files = (
			);
			runOnlyForDeploymentPostprocessing = 1;
		};
/* End PBXCopyFilesBuildPhase section */

/* Begin PBXFileReference section */
		96B056081E1BF8B000CB2ADF /* opencv_test001 */ = {isa = PBXFileReference; explicitFileType = "compiled.mach-o.executable"; includeInIndex = 0; path = opencv_test001; sourceTree = BUILT_PRODUCTS_DIR; };
		96B0560B1E1BF8B000CB2ADF /* main.cpp */ = {isa = PBXFileReference; lastKnownFileType = sourcecode.cpp.cpp; path = main.cpp; sourceTree = "<group>"; };
		96B056211E1C09A500CB2ADF /* libopencv_calib3d.3.2.0.dylib */ = {isa = PBXFileReference; lastKnownFileType = "compiled.mach-o.dylib"; name = libopencv_calib3d.3.2.0.dylib; path = "../../../Downloads/opencv-3.2.0/build/lib/libopencv_calib3d.3.2.0.dylib"; sourceTree = "<group>"; };
		96B056231E1C09C500CB2ADF /* libopencv_highgui.3.2.0.dylib */ = {isa = PBXFileReference; lastKnownFileType = "compiled.mach-o.dylib"; name = libopencv_highgui.3.2.0.dylib; path = "../../../Downloads/opencv-3.2.0/build/lib/libopencv_highgui.3.2.0.dylib"; sourceTree = "<group>"; };
		96B056251E1C09D200CB2ADF /* libopencv_imgproc.3.2.0.dylib */ = {isa = PBXFileReference; lastKnownFileType = "compiled.mach-o.dylib"; name = libopencv_imgproc.3.2.0.dylib; path = "../../../Downloads/opencv-3.2.0/build/lib/libopencv_imgproc.3.2.0.dylib"; sourceTree = "<group>"; };
		96B056271E1C09DD00CB2ADF /* libopencv_video.3.2.0.dylib */ = {isa = PBXFileReference; lastKnownFileType = "compiled.mach-o.dylib"; name = libopencv_video.3.2.0.dylib; path = "../../../Downloads/opencv-3.2.0/build/lib/libopencv_video.3.2.0.dylib"; sourceTree = "<group>"; };
		96B056291E1C09EB00CB2ADF /* libopencv_videoio.3.2.0.dylib */ = {isa = PBXFileReference; lastKnownFileType = "compiled.mach-o.dylib"; name = libopencv_videoio.3.2.0.dylib; path = "../../../Downloads/opencv-3.2.0/build/lib/libopencv_videoio.3.2.0.dylib"; sourceTree = "<group>"; };
		96B0562B1E1C09F900CB2ADF /* libopencv_videostab.3.2.0.dylib */ = {isa = PBXFileReference; lastKnownFileType = "compiled.mach-o.dylib"; name = libopencv_videostab.3.2.0.dylib; path = "../../../Downloads/opencv-3.2.0/build/lib/libopencv_videostab.3.2.0.dylib"; sourceTree = "<group>"; };
		96B0562D1E1C0A5100CB2ADF /* libopencv_core.3.2.0.dylib */ = {isa = PBXFileReference; lastKnownFileType = "compiled.mach-o.dylib"; name = libopencv_core.3.2.0.dylib; path = "../../../Downloads/opencv-3.2.0/build/lib/libopencv_core.3.2.0.dylib"; sourceTree = "<group>"; };
		96B0562F1E1C9DE700CB2ADF /* libopencv_photo.3.2.0.dylib */ = {isa = PBXFileReference; lastKnownFileType = "compiled.mach-o.dylib"; name = libopencv_photo.3.2.0.dylib; path = "../../../Downloads/opencv-3.2.0/build/lib/libopencv_photo.3.2.0.dylib"; sourceTree = "<group>"; };
		96B056311E1C9DF700CB2ADF /* libopencv_shape.3.2.0.dylib */ = {isa = PBXFileReference; lastKnownFileType = "compiled.mach-o.dylib"; name = libopencv_shape.3.2.0.dylib; path = "../../../Downloads/opencv-3.2.0/build/lib/libopencv_shape.3.2.0.dylib"; sourceTree = "<group>"; };
		96B056331E1C9E7A00CB2ADF /* libopencv_imgcodecs.3.2.0.dylib */ = {isa = PBXFileReference; lastKnownFileType = "compiled.mach-o.dylib"; name = libopencv_imgcodecs.3.2.0.dylib; path = "../../../Downloads/opencv-3.2.0/build/lib/libopencv_imgcodecs.3.2.0.dylib"; sourceTree = "<group>"; };
/* End PBXFileReference section */

/* Begin PBXFrameworksBuildPhase section */
		96B056051E1BF8B000CB2ADF /* Frameworks */ = {
			isa = PBXFrameworksBuildPhase;
			buildActionMask = 2147483647;
			files = (
				96B0562C1E1C09F900CB2ADF /* libopencv_videostab.3.2.0.dylib in Frameworks */,
				96B056281E1C09DD00CB2ADF /* libopencv_video.3.2.0.dylib in Frameworks */,
				96B0562A1E1C09EB00CB2ADF /* libopencv_videoio.3.2.0.dylib in Frameworks */,
				96B056261E1C09D200CB2ADF /* libopencv_imgproc.3.2.0.dylib in Frameworks */,
				96B056241E1C09C500CB2ADF /* libopencv_highgui.3.2.0.dylib in Frameworks */,
				96B056321E1C9DF700CB2ADF /* libopencv_shape.3.2.0.dylib in Frameworks */,
				96B056221E1C09A500CB2ADF /* libopencv_calib3d.3.2.0.dylib in Frameworks */,
				96B0562E1E1C0A5100CB2ADF /* libopencv_core.3.2.0.dylib in Frameworks */,
				96B056301E1C9DE700CB2ADF /* libopencv_photo.3.2.0.dylib in Frameworks */,
				96B056341E1C9E7A00CB2ADF /* libopencv_imgcodecs.3.2.0.dylib in Frameworks */,
			);
			runOnlyForDeploymentPostprocessing = 0;
		};
/* End PBXFrameworksBuildPhase section */

/* Begin PBXGroup section */
		96B055FF1E1BF8B000CB2ADF = {
			isa = PBXGroup;
			children = (
				96B056211E1C09A500CB2ADF /* libopencv_calib3d.3.2.0.dylib */,
				96B056311E1C9DF700CB2ADF /* libopencv_shape.3.2.0.dylib */,
				96B056231E1C09C500CB2ADF /* libopencv_highgui.3.2.0.dylib */,
				96B0562F1E1C9DE700CB2ADF /* libopencv_photo.3.2.0.dylib */,
				96B056251E1C09D200CB2ADF /* libopencv_imgproc.3.2.0.dylib */,
				96B0562D1E1C0A5100CB2ADF /* libopencv_core.3.2.0.dylib */,
				96B056331E1C9E7A00CB2ADF /* libopencv_imgcodecs.3.2.0.dylib */,
				96B056271E1C09DD00CB2ADF /* libopencv_video.3.2.0.dylib */,
				96B0562B1E1C09F900CB2ADF /* libopencv_videostab.3.2.0.dylib */,
				96B056291E1C09EB00CB2ADF /* libopencv_videoio.3.2.0.dylib */,
				96B0561D1E1C02D800CB2ADF /* opencv_test_lib */,
				96B0560A1E1BF8B000CB2ADF /* opencv_test001 */,
				96B056091E1BF8B000CB2ADF /* Products */,
			);
			sourceTree = "<group>";
		};
		96B056091E1BF8B000CB2ADF /* Products */ = {
			isa = PBXGroup;
			children = (
				96B056081E1BF8B000CB2ADF /* opencv_test001 */,
			);
			name = Products;
			sourceTree = "<group>";
		};
		96B0560A1E1BF8B000CB2ADF /* opencv_test001 */ = {
			isa = PBXGroup;
			children = (
				96B0560B1E1BF8B000CB2ADF /* main.cpp */,
			);
			path = opencv_test001;
			sourceTree = "<group>";
		};
		96B0561D1E1C02D800CB2ADF /* opencv_test_lib */ = {
			isa = PBXGroup;
			children = (
			);
			name = opencv_test_lib;
			sourceTree = "<group>";
		};
/* End PBXGroup section */

/* Begin PBXNativeTarget section */
		96B056071E1BF8B000CB2ADF /* opencv_test001 */ = {
			isa = PBXNativeTarget;
			buildConfigurationList = 96B0560F1E1BF8B000CB2ADF /* Build configuration list for PBXNativeTarget "opencv_test001" */;
			buildPhases = (
				96B056041E1BF8B000CB2ADF /* Sources */,
				96B056051E1BF8B000CB2ADF /* Frameworks */,
				96B056061E1BF8B000CB2ADF /* CopyFiles */,
			);
			buildRules = (
			);
			dependencies = (
			);
			name = opencv_test001;
			productName = opencv_test001;
			productReference = 96B056081E1BF8B000CB2ADF /* opencv_test001 */;
			productType = "com.apple.product-type.tool";
		};
/* End PBXNativeTarget section */

/* Begin PBXProject section */
		96B056001E1BF8B000CB2ADF /* Project object */ = {
			isa = PBXProject;
			attributes = {
				LastUpgradeCheck = 0820;
				ORGANIZATIONNAME = "黄苏渝";
				TargetAttributes = {
					96B056071E1BF8B000CB2ADF = {
						CreatedOnToolsVersion = 8.2.1;
						ProvisioningStyle = Automatic;
					};
				};
			};
			buildConfigurationList = 96B056031E1BF8B000CB2ADF /* Build configuration list for PBXProject "opencv_test001" */;
			compatibilityVersion = "Xcode 3.2";
			developmentRegion = English;
			hasScannedForEncodings = 0;
			knownRegions = (
				en,
			);
			mainGroup = 96B055FF1E1BF8B000CB2ADF;
			productRefGroup = 96B056091E1BF8B000CB2ADF /* Products */;
			projectDirPath = "";
			projectRoot = "";
			targets = (
				96B056071E1BF8B000CB2ADF /* opencv_test001 */,
			);
		};
/* End PBXProject section */

/* Begin PBXSourcesBuildPhase section */
		96B056041E1BF8B000CB2ADF /* Sources */ = {
			isa = PBXSourcesBuildPhase;
			buildActionMask = 2147483647;
			files = (
				96B0560C1E1BF8B000CB2ADF /* main.cpp in Sources */,
			);
			runOnlyForDeploymentPostprocessing = 0;
		};
/* End PBXSourcesBuildPhase section */

/* Begin XCBuildConfiguration section */
		96B0560D1E1BF8B000CB2ADF /* Debug */ = {
			isa = XCBuildConfiguration;
			buildSettings = {
				ALWAYS_SEARCH_USER_PATHS = YES;
				CLANG_ANALYZER_NONNULL = YES;
				CLANG_CXX_LANGUAGE_STANDARD = "gnu++0x";
				CLANG_CXX_LIBRARY = "libc++";
				CLANG_ENABLE_MODULES = YES;
				CLANG_ENABLE_OBJC_ARC = YES;
				CLANG_WARN_BOOL_CONVERSION = YES;
				CLANG_WARN_CONSTANT_CONVERSION = YES;
				CLANG_WARN_DIRECT_OBJC_ISA_USAGE = YES_ERROR;
				CLANG_WARN_DOCUMENTATION_COMMENTS = YES;
				CLANG_WARN_EMPTY_BODY = YES;
				CLANG_WARN_ENUM_CONVERSION = YES;
				CLANG_WARN_INFINITE_RECURSION = YES;
				CLANG_WARN_INT_CONVERSION = YES;
				CLANG_WARN_OBJC_ROOT_CLASS = YES_ERROR;
				CLANG_WARN_SUSPICIOUS_MOVE = YES;
				CLANG_WARN_UNREACHABLE_CODE = YES;
				CLANG_WARN__DUPLICATE_METHOD_MATCH = YES;
				CODE_SIGN_IDENTITY = "-";
				COPY_PHASE_STRIP = NO;
				DEBUG_INFORMATION_FORMAT = dwarf;
				ENABLE_STRICT_OBJC_MSGSEND = YES;
				ENABLE_TESTABILITY = YES;
				FRAMEWORK_SEARCH_PATHS = "";
				GCC_C_LANGUAGE_STANDARD = gnu99;
				GCC_DYNAMIC_NO_PIC = NO;
				GCC_NO_COMMON_BLOCKS = YES;
				GCC_OPTIMIZATION_LEVEL = 0;
				GCC_PREPROCESSOR_DEFINITIONS = (
					"DEBUG=1",
					"$(inherited)",
				);
				GCC_WARN_64_TO_32_BIT_CONVERSION = YES;
				GCC_WARN_ABOUT_RETURN_TYPE = YES_ERROR;
				GCC_WARN_UNDECLARED_SELECTOR = YES;
				GCC_WARN_UNINITIALIZED_AUTOS = YES_AGGRESSIVE;
				GCC_WARN_UNUSED_FUNCTION = YES;
				GCC_WARN_UNUSED_VARIABLE = YES;
				HEADER_SEARCH_PATHS = /usr/local/include;
				"LD_RUNPATH_SEARCH_PATHS[arch=*]" = "";
				LIBRARY_SEARCH_PATHS = /usr/local/lib;
				MACOSX_DEPLOYMENT_TARGET = 10.11;
				MTL_ENABLE_DEBUG_INFO = YES;
				ONLY_ACTIVE_ARCH = YES;
				SDKROOT = macosx;
			};
			name = Debug;
		};
		96B0560E1E1BF8B000CB2ADF /* Release */ = {
			isa = XCBuildConfiguration;
			buildSettings = {
				ALWAYS_SEARCH_USER_PATHS = YES;
				CLANG_ANALYZER_NONNULL = YES;
				CLANG_CXX_LANGUAGE_STANDARD = "gnu++0x";
				CLANG_CXX_LIBRARY = "libc++";
				CLANG_ENABLE_MODULES = YES;
				CLANG_ENABLE_OBJC_ARC = YES;
				CLANG_WARN_BOOL_CONVERSION = YES;
				CLANG_WARN_CONSTANT_CONVERSION = YES;
				CLANG_WARN_DIRECT_OBJC_ISA_USAGE = YES_ERROR;
				CLANG_WARN_DOCUMENTATION_COMMENTS = YES;
				CLANG_WARN_EMPTY_BODY = YES;
				CLANG_WARN_ENUM_CONVERSION = YES;
				CLANG_WARN_INFINITE_RECURSION = YES;
				CLANG_WARN_INT_CONVERSION = YES;
				CLANG_WARN_OBJC_ROOT_CLASS = YES_ERROR;
				CLANG_WARN_SUSPICIOUS_MOVE = YES;
				CLANG_WARN_UNREACHABLE_CODE = YES;
				CLANG_WARN__DUPLICATE_METHOD_MATCH = YES;
				CODE_SIGN_IDENTITY = "-";
				COPY_PHASE_STRIP = NO;
				DEBUG_INFORMATION_FORMAT = "dwarf-with-dsym";
				ENABLE_NS_ASSERTIONS = NO;
				ENABLE_STRICT_OBJC_MSGSEND = YES;
				FRAMEWORK_SEARCH_PATHS = "";
				GCC_C_LANGUAGE_STANDARD = gnu99;
				GCC_NO_COMMON_BLOCKS = YES;
				GCC_WARN_64_TO_32_BIT_CONVERSION = YES;
				GCC_WARN_ABOUT_RETURN_TYPE = YES_ERROR;
				GCC_WARN_UNDECLARED_SELECTOR = YES;
				GCC_WARN_UNINITIALIZED_AUTOS = YES_AGGRESSIVE;
				GCC_WARN_UNUSED_FUNCTION = YES;
				GCC_WARN_UNUSED_VARIABLE = YES;
				HEADER_SEARCH_PATHS = /usr/local/include;
				LIBRARY_SEARCH_PATHS = /usr/local/lib;
				MACOSX_DEPLOYMENT_TARGET = 10.11;
				MTL_ENABLE_DEBUG_INFO = NO;
				SDKROOT = macosx;
			};
			name = Release;
		};
		96B056101E1BF8B000CB2ADF /* Debug */ = {
			isa = XCBuildConfiguration;
			buildSettings = {
				ALWAYS_SEARCH_USER_PATHS = YES;
				FRAMEWORK_SEARCH_PATHS = /usr/local/lib;
				HEADER_SEARCH_PATHS = /usr/local/include;
				LIBRARY_SEARCH_PATHS = "/Users/huangsuyu/Downloads/opencv-3.2.0/build/lib";
				PRODUCT_NAME = "$(TARGET_NAME)";
			};
			name = Debug;
		};
		96B056111E1BF8B000CB2ADF /* Release */ = {
			isa = XCBuildConfiguration;
			buildSettings = {
				ALWAYS_SEARCH_USER_PATHS = YES;
				FRAMEWORK_SEARCH_PATHS = /usr/local/lib;
				HEADER_SEARCH_PATHS = /usr/local/include;
				LIBRARY_SEARCH_PATHS = "/Users/huangsuyu/Downloads/opencv-3.2.0/build/lib";
				PRODUCT_NAME = "$(TARGET_NAME)";
			};
			name = Release;
		};
/* End XCBuildConfiguration section */

/* Begin XCConfigurationList section */
		96B056031E1BF8B000CB2ADF /* Build configuration list for PBXProject "opencv_test001" */ = {
			isa = XCConfigurationList;
			buildConfigurations = (
				96B0560D1E1BF8B000CB2ADF /* Debug */,
				96B0560E1E1BF8B000CB2ADF /* Release */,
			);
			defaultConfigurationIsVisible = 0;
			defaultConfigurationName = Release;
		};
		96B0560F1E1BF8B000CB2ADF /* Build configuration list for PBXNativeTarget "opencv_test001" */ = {
			isa = XCConfigurationList;
			buildConfigurations = (
				96B056101E1BF8B000CB2ADF /* Debug */,
				96B056111E1BF8B000CB2ADF /* Release */,
			);
			defaultConfigurationIsVisible = 0;
			defaultConfigurationName = Release;
		};
/* End XCConfigurationList section */
	};
	rootObject = 96B056001E1BF8B000CB2ADF /* Project object */;
}
